
Microsoft Visual Studio Solution File, Format Version 12.00
# Visual Studio 14
VisualStudioVersion = 14.0.23107.0
MinimumVisualStudioVersion = 10.0.40219.1
Project("{F2A71F9B-5D33-465A-A702-920D77279786}") = "WebSharper.Forms.Bootstrap", "WebSharper.Forms.Bootstrap\WebSharper.Forms.Bootstrap.fsproj", "{93167253-1F52-46B0-911E-3DC03ACC1CBF}"
EndProject
Project("{F2A71F9B-5D33-465A-A702-920D77279786}") = "WebSharper.Forms.Bootstrap.Tests", "WebSharper.Forms.Bootstrap.Tests\WebSharper.Forms.Bootstrap.Tests.fsproj", "{756D6B15-82FC-4B69-8721-D5B2170B0465}"
EndProject
Global
	GlobalSection(SolutionConfigurationPlatforms) = preSolution
		Debug|Any CPU = Debug|Any CPU
		Release|Any CPU = Release|Any CPU
	EndGlobalSection
	GlobalSection(ProjectConfigurationPlatforms) = postSolution
		{93167253-1F52-46B0-911E-3DC03ACC1CBF}.Debug|Any CPU.ActiveCfg = Debug|Any CPU
		{93167253-1F52-46B0-911E-3DC03ACC1CBF}.Debug|Any CPU.Build.0 = Debug|Any CPU
		{93167253-1F52-46B0-911E-3DC03ACC1CBF}.Release|Any CPU.ActiveCfg = Release|Any CPU
		{93167253-1F52-46B0-911E-3DC03ACC1CBF}.Release|Any CPU.Build.0 = Release|Any CPU
		{756D6B15-82FC-4B69-8721-D5B2170B0465}.Debug|Any CPU.ActiveCfg = Debug|Any CPU
		{756D6B15-82FC-4B69-8721-D5B2170B0465}.Debug|Any CPU.Build.0 = Debug|Any CPU
		{756D6B15-82FC-4B69-8721-D5B2170B0465}.Release|Any CPU.ActiveCfg = Release|Any CPU
		{756D6B15-82FC-4B69-8721-D5B2170B0465}.Release|Any CPU.Build.0 = Release|Any CPU
	EndGlobalSection
	GlobalSection(SolutionProperties) = preSolution
		HideSolutionNode = FALSE
	EndGlobalSection
EndGlobal
